
Microsoft Visual Studio Solution File, Format Version 12.00
# Visual Studio 15
VisualStudioVersion = 15.0.26228.43
MinimumVisualStudioVersion = 10.0.40219.1
Project("{FAE04EC0-301F-11D3-BF4B-00C04F79EFBC}") = "WashAndGo", "WashAndGo\WashAndGo.csproj", "{2FB2CBEC-5CEA-4C0A-B0D4-F44405C18EC9}"
EndProject
Project("{FAE04EC0-301F-11D3-BF4B-00C04F79EFBC}") = "DAL", "DAL\DAL.csproj", "{2A384E9D-808F-4DE5-94F7-071EDBBD8AC6}"
EndProject
Project("{FAE04EC0-301F-11D3-BF4B-00C04F79EFBC}") = "BLL", "BLL\BLL.csproj", "{CEA0FFD5-E4F5-4223-8DB3-4BA3E6685ADB}"
EndProject
Global
	GlobalSection(SolutionConfigurationPlatforms) = preSolution
		Debug|Any CPU = Debug|Any CPU
		Release|Any CPU = Release|Any CPU
	EndGlobalSection
	GlobalSection(ProjectConfigurationPlatforms) = postSolution
		{2FB2CBEC-5CEA-4C0A-B0D4-F44405C18EC9}.Debug|Any CPU.ActiveCfg = Debug|Any CPU
		{2FB2CBEC-5CEA-4C0A-B0D4-F44405C18EC9}.Debug|Any CPU.Build.0 = Debug|Any CPU
		{2FB2CBEC-5CEA-4C0A-B0D4-F44405C18EC9}.Release|Any CPU.ActiveCfg = Release|Any CPU
		{2FB2CBEC-5CEA-4C0A-B0D4-F44405C18EC9}.Release|Any CPU.Build.0 = Release|Any CPU
		{2A384E9D-808F-4DE5-94F7-071EDBBD8AC6}.Debug|Any CPU.ActiveCfg = Debug|Any CPU
		{2A384E9D-808F-4DE5-94F7-071EDBBD8AC6}.Debug|Any CPU.Build.0 = Debug|Any CPU
		{2A384E9D-808F-4DE5-94F7-071EDBBD8AC6}.Release|Any CPU.ActiveCfg = Release|Any CPU
		{2A384E9D-808F-4DE5-94F7-071EDBBD8AC6}.Release|Any CPU.Build.0 = Release|Any CPU
		{CEA0FFD5-E4F5-4223-8DB3-4BA3E6685ADB}.Debug|Any CPU.ActiveCfg = Debug|Any CPU
		{CEA0FFD5-E4F5-4223-8DB3-4BA3E6685ADB}.Debug|Any CPU.Build.0 = Debug|Any CPU
		{CEA0FFD5-E4F5-4223-8DB3-4BA3E6685ADB}.Release|Any CPU.ActiveCfg = Release|Any CPU
		{CEA0FFD5-E4F5-4223-8DB3-4BA3E6685ADB}.Release|Any CPU.Build.0 = Release|Any CPU
	EndGlobalSection
	GlobalSection(SolutionProperties) = preSolution
		HideSolutionNode = FALSE
	EndGlobalSection
EndGlobal
